
Microsoft Visual Studio Solution File, Format Version 12.00
# Visual Studio 15
VisualStudioVersion = 15.0.28307.1433
MinimumVisualStudioVersion = 10.0.40219.1
Project("{FAE04EC0-301F-11D3-BF4B-00C04F79EFBC}") = "Win_Sistema_virtualdc", "Win_Sistema_virtualdc\Win_Sistema_virtualdc.csproj", "{98873D68-D019-4015-B5A5-12E0722C0752}"
EndProject
Global
	GlobalSection(SolutionConfigurationPlatforms) = preSolution
		Debug|Any CPU = Debug|Any CPU
		Release|Any CPU = Release|Any CPU
	EndGlobalSection
	GlobalSection(ProjectConfigurationPlatforms) = postSolution
		{98873D68-D019-4015-B5A5-12E0722C0752}.Debug|Any CPU.ActiveCfg = Debug|Any CPU
		{98873D68-D019-4015-B5A5-12E0722C0752}.Debug|Any CPU.Build.0 = Debug|Any CPU
		{98873D68-D019-4015-B5A5-12E0722C0752}.Release|Any CPU.ActiveCfg = Release|Any CPU
		{98873D68-D019-4015-B5A5-12E0722C0752}.Release|Any CPU.Build.0 = Release|Any CPU
	EndGlobalSection
	GlobalSection(SolutionProperties) = preSolution
		HideSolutionNode = FALSE
	EndGlobalSection
	GlobalSection(ExtensibilityGlobals) = postSolution
		SolutionGuid = {CB75B6B2-C81C-4709-AC63-1FC1ED76902F}
	EndGlobalSection
EndGlobal
